
Microsoft Visual Studio Solution File, Format Version 12.00
# Visual Studio Version 16
VisualStudioVersion = 16.0.30711.63
MinimumVisualStudioVersion = 10.0.40219.1
Project("{9A19103F-16F7-4668-BE54-9A1E7A4F7556}") = "SmartEcoA", "SmartEcoA\SmartEcoA.csproj", "{D5AC2B83-5405-40B6-A7A3-F80FC6F54697}"
EndProject
Project("{9A19103F-16F7-4668-BE54-9A1E7A4F7556}") = "PostDataCalc", "PostDataCalc\PostDataCalc.csproj", "{C2CC6B1B-523A-48C0-80AB-0D795C3A2BD9}"
EndProject
Project("{2150E333-8FDC-42A3-9474-1A3956D46DE8}") = "Solution Items", "Solution Items", "{3DE2DD31-298A-475A-8A52-E2E44036D126}"
	ProjectSection(SolutionItems) = preProject
		README.md = README.md
	EndProjectSection
EndProject
Project("{9A19103F-16F7-4668-BE54-9A1E7A4F7556}") = "CarPostsClient", "CarPostsClient\CarPostsClient.csproj", "{2F19987B-09AE-43E0-A8D8-110B0FE06AC1}"
EndProject
Project("{9A19103F-16F7-4668-BE54-9A1E7A4F7556}") = "CarPostsServer", "CarPostsServer\CarPostsServer.csproj", "{88E9F19E-9E8A-459E-92ED-E06A0996E71B}"
EndProject
Project("{9A19103F-16F7-4668-BE54-9A1E7A4F7556}") = "Server", "Server\Server.csproj", "{BD39F454-831C-416E-8F36-02665DF9BCC2}"
EndProject
Project("{9A19103F-16F7-4668-BE54-9A1E7A4F7556}") = "CarPostClientUpdater", "CarPostClientUpdater\CarPostClientUpdater.csproj", "{0342699D-C2EA-405B-AE04-F4FE6E905B11}"
EndProject
Project("{FAE04EC0-301F-11D3-BF4B-00C04F79EFBC}") = "CarPostClient", "CarPostClient\CarPostClient.csproj", "{11C5F5EC-7663-4DF1-B906-C182E32CFEE6}"
EndProject
Global
	GlobalSection(SolutionConfigurationPlatforms) = preSolution
		Debug|Any CPU = Debug|Any CPU
		Release|Any CPU = Release|Any CPU
	EndGlobalSection
	GlobalSection(ProjectConfigurationPlatforms) = postSolution
		{D5AC2B83-5405-40B6-A7A3-F80FC6F54697}.Debug|Any CPU.ActiveCfg = Debug|Any CPU
		{D5AC2B83-5405-40B6-A7A3-F80FC6F54697}.Debug|Any CPU.Build.0 = Debug|Any CPU
		{D5AC2B83-5405-40B6-A7A3-F80FC6F54697}.Release|Any CPU.ActiveCfg = Release|Any CPU
		{D5AC2B83-5405-40B6-A7A3-F80FC6F54697}.Release|Any CPU.Build.0 = Release|Any CPU
		{C2CC6B1B-523A-48C0-80AB-0D795C3A2BD9}.Debug|Any CPU.ActiveCfg = Debug|Any CPU
		{C2CC6B1B-523A-48C0-80AB-0D795C3A2BD9}.Debug|Any CPU.Build.0 = Debug|Any CPU
		{C2CC6B1B-523A-48C0-80AB-0D795C3A2BD9}.Release|Any CPU.ActiveCfg = Release|Any CPU
		{C2CC6B1B-523A-48C0-80AB-0D795C3A2BD9}.Release|Any CPU.Build.0 = Release|Any CPU
		{2F19987B-09AE-43E0-A8D8-110B0FE06AC1}.Debug|Any CPU.ActiveCfg = Debug|Any CPU
		{2F19987B-09AE-43E0-A8D8-110B0FE06AC1}.Debug|Any CPU.Build.0 = Debug|Any CPU
		{2F19987B-09AE-43E0-A8D8-110B0FE06AC1}.Release|Any CPU.ActiveCfg = Release|Any CPU
		{2F19987B-09AE-43E0-A8D8-110B0FE06AC1}.Release|Any CPU.Build.0 = Release|Any CPU
		{88E9F19E-9E8A-459E-92ED-E06A0996E71B}.Debug|Any CPU.ActiveCfg = Debug|Any CPU
		{88E9F19E-9E8A-459E-92ED-E06A0996E71B}.Debug|Any CPU.Build.0 = Debug|Any CPU
		{88E9F19E-9E8A-459E-92ED-E06A0996E71B}.Release|Any CPU.ActiveCfg = Release|Any CPU
		{88E9F19E-9E8A-459E-92ED-E06A0996E71B}.Release|Any CPU.Build.0 = Release|Any CPU
		{BD39F454-831C-416E-8F36-02665DF9BCC2}.Debug|Any CPU.ActiveCfg = Debug|Any CPU
		{BD39F454-831C-416E-8F36-02665DF9BCC2}.Debug|Any CPU.Build.0 = Debug|Any CPU
		{BD39F454-831C-416E-8F36-02665DF9BCC2}.Release|Any CPU.ActiveCfg = Release|Any CPU
		{BD39F454-831C-416E-8F36-02665DF9BCC2}.Release|Any CPU.Build.0 = Release|Any CPU
		{0342699D-C2EA-405B-AE04-F4FE6E905B11}.Debug|Any CPU.ActiveCfg = Debug|Any CPU
		{0342699D-C2EA-405B-AE04-F4FE6E905B11}.Debug|Any CPU.Build.0 = Debug|Any CPU
		{0342699D-C2EA-405B-AE04-F4FE6E905B11}.Release|Any CPU.ActiveCfg = Release|Any CPU
		{0342699D-C2EA-405B-AE04-F4FE6E905B11}.Release|Any CPU.Build.0 = Release|Any CPU
		{11C5F5EC-7663-4DF1-B906-C182E32CFEE6}.Debug|Any CPU.ActiveCfg = Debug|Any CPU
		{11C5F5EC-7663-4DF1-B906-C182E32CFEE6}.Debug|Any CPU.Build.0 = Debug|Any CPU
		{11C5F5EC-7663-4DF1-B906-C182E32CFEE6}.Release|Any CPU.ActiveCfg = Release|Any CPU
		{11C5F5EC-7663-4DF1-B906-C182E32CFEE6}.Release|Any CPU.Build.0 = Release|Any CPU
	EndGlobalSection
	GlobalSection(SolutionProperties) = preSolution
		HideSolutionNode = FALSE
	EndGlobalSection
	GlobalSection(ExtensibilityGlobals) = postSolution
		SolutionGuid = {5E6AAFFC-6827-484F-AC7C-6BB39CABEEED}
	EndGlobalSection
EndGlobal
